
Microsoft Visual Studio Solution File, Format Version 12.00
# Visual Studio Version 17
VisualStudioVersion = 17.8.34309.116
MinimumVisualStudioVersion = 10.0.40219.1
Project("{FAE04EC0-301F-11D3-BF4B-00C04F79EFBC}") = "CheatSheetC#", "CheatSheetC#.csproj", "{8BDB8207-CCA9-4121-8ABC-87E8EF60CF8D}"
EndProject
Global
	GlobalSection(SolutionConfigurationPlatforms) = preSolution
		Debug|Any CPU = Debug|Any CPU
		Release|Any CPU = Release|Any CPU
	EndGlobalSection
	GlobalSection(ProjectConfigurationPlatforms) = postSolution
		{8BDB8207-CCA9-4121-8ABC-87E8EF60CF8D}.Debug|Any CPU.ActiveCfg = Debug|Any CPU
		{8BDB8207-CCA9-4121-8ABC-87E8EF60CF8D}.Debug|Any CPU.Build.0 = Debug|Any CPU
		{8BDB8207-CCA9-4121-8ABC-87E8EF60CF8D}.Release|Any CPU.ActiveCfg = Release|Any CPU
		{8BDB8207-CCA9-4121-8ABC-87E8EF60CF8D}.Release|Any CPU.Build.0 = Release|Any CPU
	EndGlobalSection
	GlobalSection(SolutionProperties) = preSolution
		HideSolutionNode = FALSE
	EndGlobalSection
	GlobalSection(ExtensibilityGlobals) = postSolution
		SolutionGuid = {EA818C0D-C76F-4DB0-9559-957D8B4C1FE5}
	EndGlobalSection
EndGlobal
